// !$*UTF8*$!
{
	archiveVersion = 1;
	classes = {
	};
	objectVersion = 46;
	objects = {

/* Begin PBXBuildFile section */
		16FE8F3C1E79D74100393C23 /* AppDelegate.swift in Sources */ = {isa = PBXBuildFile; fileRef = 16FE8F3B1E79D74100393C23 /* AppDelegate.swift */; };
		16FE8F3E1E79D74100393C23 /* ViewController.swift in Sources */ = {isa = PBXBuildFile; fileRef = 16FE8F3D1E79D74100393C23 /* ViewController.swift */; };
		16FE8F411E79D74100393C23 /* Main.storyboard in Resources */ = {isa = PBXBuildFile; fileRef = 16FE8F3F1E79D74100393C23 /* Main.storyboard */; };
		16FE8F431E79D74100393C23 /* Assets.xcassets in Resources */ = {isa = PBXBuildFile; fileRef = 16FE8F421E79D74100393C23 /* Assets.xcassets */; };
		16FE8F461E79D74100393C23 /* LaunchScreen.storyboard in Resources */ = {isa = PBXBuildFile; fileRef = 16FE8F441E79D74100393C23 /* LaunchScreen.storyboard */; };
		16FE8F511E79D74100393C23 /* viewModelExampleTests.swift in Sources */ = {isa = PBXBuildFile; fileRef = 16FE8F501E79D74100393C23 /* viewModelExampleTests.swift */; };
		16FE8F5C1E79D74100393C23 /* viewModelExampleUITests.swift in Sources */ = {isa = PBXBuildFile; fileRef = 16FE8F5B1E79D74100393C23 /* viewModelExampleUITests.swift */; };
/* End PBXBuildFile section */

/* Begin PBXContainerItemProxy section */
		16FE8F4D1E79D74100393C23 /* PBXContainerItemProxy */ = {
			isa = PBXContainerItemProxy;
			containerPortal = 16FE8F301E79D74100393C23 /* Project object */;
			proxyType = 1;
			remoteGlobalIDString = 16FE8F371E79D74100393C23;
			remoteInfo = viewModelExample;
		};
		16FE8F581E79D74100393C23 /* PBXContainerItemProxy */ = {
			isa = PBXContainerItemProxy;
			containerPortal = 16FE8F301E79D74100393C23 /* Project object */;
			proxyType = 1;
			remoteGlobalIDString = 16FE8F371E79D74100393C23;
			remoteInfo = viewModelExample;
		};
/* End PBXContainerItemProxy section */

/* Begin PBXFileReference section */
		16FE8F381E79D74100393C23 /* viewModelExample.app */ = {isa = PBXFileReference; explicitFileType = wrapper.application; includeInIndex = 0; path = viewModelExample.app; sourceTree = BUILT_PRODUCTS_DIR; };
		16FE8F3B1E79D74100393C23 /* AppDelegate.swift */ = {isa = PBXFileReference; lastKnownFileType = sourcecode.swift; path = AppDelegate.swift; sourceTree = "<group>"; };
		16FE8F3D1E79D74100393C23 /* ViewController.swift */ = {isa = PBXFileReference; lastKnownFileType = sourcecode.swift; path = ViewController.swift; sourceTree = "<group>"; };
		16FE8F401E79D74100393C23 /* Base */ = {isa = PBXFileReference; lastKnownFileType = file.storyboard; name = Base; path = Base.lproj/Main.storyboard; sourceTree = "<group>"; };
		16FE8F421E79D74100393C23 /* Assets.xcassets */ = {isa = PBXFileReference; lastKnownFileType = folder.assetcatalog; path = Assets.xcassets; sourceTree = "<group>"; };
		16FE8F451E79D74100393C23 /* Base */ = {isa = PBXFileReference; lastKnownFileType = file.storyboard; name = Base; path = Base.lproj/LaunchScreen.storyboard; sourceTree = "<group>"; };
		16FE8F471E79D74100393C23 /* Info.plist */ = {isa = PBXFileReference; lastKnownFileType = text.plist.xml; path = Info.plist; sourceTree = "<group>"; };
		16FE8F4C1E79D74100393C23 /* viewModelExampleTests.xctest */ = {isa = PBXFileReference; explicitFileType = wrapper.cfbundle; includeInIndex = 0; path = viewModelExampleTests.xctest; sourceTree = BUILT_PRODUCTS_DIR; };
		16FE8F501E79D74100393C23 /* viewModelExampleTests.swift */ = {isa = PBXFileReference; lastKnownFileType = sourcecode.swift; path = viewModelExampleTests.swift; sourceTree = "<group>"; };
		16FE8F521E79D74100393C23 /* Info.plist */ = {isa = PBXFileReference; lastKnownFileType = text.plist.xml; path = Info.plist; sourceTree = "<group>"; };
		16FE8F571E79D74100393C23 /* viewModelExampleUITests.xctest */ = {isa = PBXFileReference; explicitFileType = wrapper.cfbundle; includeInIndex = 0; path = viewModelExampleUITests.xctest; sourceTree = BUILT_PRODUCTS_DIR; };
		16FE8F5B1E79D74100393C23 /* viewModelExampleUITests.swift */ = {isa = PBXFileReference; lastKnownFileType = sourcecode.swift; path = viewModelExampleUITests.swift; sourceTree = "<group>"; };
		16FE8F5D1E79D74100393C23 /* Info.plist */ = {isa = PBXFileReference; lastKnownFileType = text.plist.xml; path = Info.plist; sourceTree = "<group>"; };
/* End PBXFileReference section */

/* Begin PBXFrameworksBuildPhase section */
		16FE8F351E79D74100393C23 /* Frameworks */ = {
			isa = PBXFrameworksBuildPhase;
			buildActionMask = 2147483647;
			files = (
			);
			runOnlyForDeploymentPostprocessing = 0;
		};
		16FE8F491E79D74100393C23 /* Frameworks */ = {
			isa = PBXFrameworksBuildPhase;
			buildActionMask = 2147483647;
			files = (
			);
			runOnlyForDeploymentPostprocessing = 0;
		};
		16FE8F541E79D74100393C23 /* Frameworks */ = {
			isa = PBXFrameworksBuildPhase;
			buildActionMask = 2147483647;
			files = (
			);
			runOnlyForDeploymentPostprocessing = 0;
		};
/* End PBXFrameworksBuildPhase section */

/* Begin PBXGroup section */
		16FE8F2F1E79D74100393C23 = {
			isa = PBXGroup;
			children = (
				16FE8F3A1E79D74100393C23 /* viewModelExample */,
				16FE8F4F1E79D74100393C23 /* viewModelExampleTests */,
				16FE8F5A1E79D74100393C23 /* viewModelExampleUITests */,
				16FE8F391E79D74100393C23 /* Products */,
			);
			sourceTree = "<group>";
		};
		16FE8F391E79D74100393C23 /* Products */ = {
			isa = PBXGroup;
			children = (
				16FE8F381E79D74100393C23 /* viewModelExample.app */,
				16FE8F4C1E79D74100393C23 /* viewModelExampleTests.xctest */,
				16FE8F571E79D74100393C23 /* viewModelExampleUITests.xctest */,
			);
			name = Products;
			sourceTree = "<group>";
		};
		16FE8F3A1E79D74100393C23 /* viewModelExample */ = {
			isa = PBXGroup;
			children = (
				16FE8F3B1E79D74100393C23 /* AppDelegate.swift */,
				16FE8F3D1E79D74100393C23 /* ViewController.swift */,
				16FE8F3F1E79D74100393C23 /* Main.storyboard */,
				16FE8F421E79D74100393C23 /* Assets.xcassets */,
				16FE8F441E79D74100393C23 /* LaunchScreen.storyboard */,
				16FE8F471E79D74100393C23 /* Info.plist */,
			);
			path = viewModelExample;
			sourceTree = "<group>";
		};
		16FE8F4F1E79D74100393C23 /* viewModelExampleTests */ = {
			isa = PBXGroup;
			children = (
				16FE8F501E79D74100393C23 /* viewModelExampleTests.swift */,
				16FE8F521E79D74100393C23 /* Info.plist */,
			);
			path = viewModelExampleTests;
			sourceTree = "<group>";
		};
		16FE8F5A1E79D74100393C23 /* viewModelExampleUITests */ = {
			isa = PBXGroup;
			children = (
				16FE8F5B1E79D74100393C23 /* viewModelExampleUITests.swift */,
				16FE8F5D1E79D74100393C23 /* Info.plist */,
			);
			path = viewModelExampleUITests;
			sourceTree = "<group>";
		};
/* End PBXGroup section */

/* Begin PBXNativeTarget section */
		16FE8F371E79D74100393C23 /* viewModelExample */ = {
			isa = PBXNativeTarget;
			buildConfigurationList = 16FE8F601E79D74100393C23 /* Build configuration list for PBXNativeTarget "viewModelExample" */;
			buildPhases = (
				16FE8F341E79D74100393C23 /* Sources */,
				16FE8F351E79D74100393C23 /* Frameworks */,
				16FE8F361E79D74100393C23 /* Resources */,
			);
			buildRules = (
			);
			dependencies = (
			);
			name = viewModelExample;
			productName = viewModelExample;
			productReference = 16FE8F381E79D74100393C23 /* viewModelExample.app */;
			productType = "com.apple.product-type.application";
		};
		16FE8F4B1E79D74100393C23 /* viewModelExampleTests */ = {
			isa = PBXNativeTarget;
			buildConfigurationList = 16FE8F631E79D74100393C23 /* Build configuration list for PBXNativeTarget "viewModelExampleTests" */;
			buildPhases = (
				16FE8F481E79D74100393C23 /* Sources */,
				16FE8F491E79D74100393C23 /* Frameworks */,
				16FE8F4A1E79D74100393C23 /* Resources */,
			);
			buildRules = (
			);
			dependencies = (
				16FE8F4E1E79D74100393C23 /* PBXTargetDependency */,
			);
			name = viewModelExampleTests;
			productName = viewModelExampleTests;
			productReference = 16FE8F4C1E79D74100393C23 /* viewModelExampleTests.xctest */;
			productType = "com.apple.product-type.bundle.unit-test";
		};
		16FE8F561E79D74100393C23 /* viewModelExampleUITests */ = {
			isa = PBXNativeTarget;
			buildConfigurationList = 16FE8F661E79D74100393C23 /* Build configuration list for PBXNativeTarget "viewModelExampleUITests" */;
			buildPhases = (
				16FE8F531E79D74100393C23 /* Sources */,
				16FE8F541E79D74100393C23 /* Frameworks */,
				16FE8F551E79D74100393C23 /* Resources */,
			);
			buildRules = (
			);
			dependencies = (
				16FE8F591E79D74100393C23 /* PBXTargetDependency */,
			);
			name = viewModelExampleUITests;
			productName = viewModelExampleUITests;
			productReference = 16FE8F571E79D74100393C23 /* viewModelExampleUITests.xctest */;
			productType = "com.apple.product-type.bundle.ui-testing";
		};
/* End PBXNativeTarget section */

/* Begin PBXProject section */
		16FE8F301E79D74100393C23 /* Project object */ = {
			isa = PBXProject;
			attributes = {
				LastSwiftUpdateCheck = 0820;
				LastUpgradeCheck = 0820;
				ORGANIZATIONNAME = "Navka Sergey";
				TargetAttributes = {
					16FE8F371E79D74100393C23 = {
						CreatedOnToolsVersion = 8.2.1;
						ProvisioningStyle = Automatic;
					};
					16FE8F4B1E79D74100393C23 = {
						CreatedOnToolsVersion = 8.2.1;
						ProvisioningStyle = Automatic;
						TestTargetID = 16FE8F371E79D74100393C23;
					};
					16FE8F561E79D74100393C23 = {
						CreatedOnToolsVersion = 8.2.1;
						ProvisioningStyle = Automatic;
						TestTargetID = 16FE8F371E79D74100393C23;
					};
				};
			};
			buildConfigurationList = 16FE8F331E79D74100393C23 /* Build configuration list for PBXProject "viewModelExample" */;
			compatibilityVersion = "Xcode 3.2";
			developmentRegion = English;
			hasScannedForEncodings = 0;
			knownRegions = (
				en,
				Base,
			);
			mainGroup = 16FE8F2F1E79D74100393C23;
			productRefGroup = 16FE8F391E79D74100393C23 /* Products */;
			projectDirPath = "";
			projectRoot = "";
			targets = (
				16FE8F371E79D74100393C23 /* viewModelExample */,
				16FE8F4B1E79D74100393C23 /* viewModelExampleTests */,
				16FE8F561E79D74100393C23 /* viewModelExampleUITests */,
			);
		};
/* End PBXProject section */

/* Begin PBXResourcesBuildPhase section */
		16FE8F361E79D74100393C23 /* Resources */ = {
			isa = PBXResourcesBuildPhase;
			buildActionMask = 2147483647;
			files = (
				16FE8F461E79D74100393C23 /* LaunchScreen.storyboard in Resources */,
				16FE8F431E79D74100393C23 /* Assets.xcassets in Resources */,
				16FE8F411E79D74100393C23 /* Main.storyboard in Resources */,
			);
			runOnlyForDeploymentPostprocessing = 0;
		};
		16FE8F4A1E79D74100393C23 /* Resources */ = {
			isa = PBXResourcesBuildPhase;
			buildActionMask = 2147483647;
			files = (
			);
			runOnlyForDeploymentPostprocessing = 0;
		};
		16FE8F551E79D74100393C23 /* Resources */ = {
			isa = PBXResourcesBuildPhase;
			buildActionMask = 2147483647;
			files = (
			);
			runOnlyForDeploymentPostprocessing = 0;
		};
/* End PBXResourcesBuildPhase section */

/* Begin PBXSourcesBuildPhase section */
		16FE8F341E79D74100393C23 /* Sources */ = {
			isa = PBXSourcesBuildPhase;
			buildActionMask = 2147483647;
			files = (
				16FE8F3E1E79D74100393C23 /* ViewController.swift in Sources */,
				16FE8F3C1E79D74100393C23 /* AppDelegate.swift in Sources */,
			);
			runOnlyForDeploymentPostprocessing = 0;
		};
		16FE8F481E79D74100393C23 /* Sources */ = {
			isa = PBXSourcesBuildPhase;
			buildActionMask = 2147483647;
			files = (
				16FE8F511E79D74100393C23 /* viewModelExampleTests.swift in Sources */,
			);
			runOnlyForDeploymentPostprocessing = 0;
		};
		16FE8F531E79D74100393C23 /* Sources */ = {
			isa = PBXSourcesBuildPhase;
			buildActionMask = 2147483647;
			files = (
				16FE8F5C1E79D74100393C23 /* viewModelExampleUITests.swift in Sources */,
			);
			runOnlyForDeploymentPostprocessing = 0;
		};
/* End PBXSourcesBuildPhase section */

/* Begin PBXTargetDependency section */
		16FE8F4E1E79D74100393C23 /* PBXTargetDependency */ = {
			isa = PBXTargetDependency;
			target = 16FE8F371E79D74100393C23 /* viewModelExample */;
			targetProxy = 16FE8F4D1E79D74100393C23 /* PBXContainerItemProxy */;
		};
		16FE8F591E79D74100393C23 /* PBXTargetDependency */ = {
			isa = PBXTargetDependency;
			target = 16FE8F371E79D74100393C23 /* viewModelExample */;
			targetProxy = 16FE8F581E79D74100393C23 /* PBXContainerItemProxy */;
		};
/* End PBXTargetDependency section */

/* Begin PBXVariantGroup section */
		16FE8F3F1E79D74100393C23 /* Main.storyboard */ = {
			isa = PBXVariantGroup;
			children = (
				16FE8F401E79D74100393C23 /* Base */,
			);
			name = Main.storyboard;
			sourceTree = "<group>";
		};
		16FE8F441E79D74100393C23 /* LaunchScreen.storyboard */ = {
			isa = PBXVariantGroup;
			children = (
				16FE8F451E79D74100393C23 /* Base */,
			);
			name = LaunchScreen.storyboard;
			sourceTree = "<group>";
		};
/* End PBXVariantGroup section */

/* Begin XCBuildConfiguration section */
		16FE8F5E1E79D74100393C23 /* Debug */ = {
			isa = XCBuildConfiguration;
			buildSettings = {
				ALWAYS_SEARCH_USER_PATHS = NO;
				CLANG_ANALYZER_NONNULL = YES;
				CLANG_CXX_LANGUAGE_STANDARD = "gnu++0x";
				CLANG_CXX_LIBRARY = "libc++";
				CLANG_ENABLE_MODULES = YES;
				CLANG_ENABLE_OBJC_ARC = YES;
				CLANG_WARN_BOOL_CONVERSION = YES;
				CLANG_WARN_CONSTANT_CONVERSION = YES;
				CLANG_WARN_DIRECT_OBJC_ISA_USAGE = YES_ERROR;
				CLANG_WARN_DOCUMENTATION_COMMENTS = YES;
				CLANG_WARN_EMPTY_BODY = YES;
				CLANG_WARN_ENUM_CONVERSION = YES;
				CLANG_WARN_INFINITE_RECURSION = YES;
				CLANG_WARN_INT_CONVERSION = YES;
				CLANG_WARN_OBJC_ROOT_CLASS = YES_ERROR;
				CLANG_WARN_SUSPICIOUS_MOVE = YES;
				CLANG_WARN_UNREACHABLE_CODE = YES;
				CLANG_WARN__DUPLICATE_METHOD_MATCH = YES;
				"CODE_SIGN_IDENTITY[sdk=iphoneos*]" = "iPhone Developer";
				COPY_PHASE_STRIP = NO;
				DEBUG_INFORMATION_FORMAT = dwarf;
				ENABLE_STRICT_OBJC_MSGSEND = YES;
				ENABLE_TESTABILITY = YES;
				GCC_C_LANGUAGE_STANDARD = gnu99;
				GCC_DYNAMIC_NO_PIC = NO;
				GCC_NO_COMMON_BLOCKS = YES;
				GCC_OPTIMIZATION_LEVEL = 0;
				GCC_PREPROCESSOR_DEFINITIONS = (
					"DEBUG=1",
					"$(inherited)",
				);
				GCC_WARN_64_TO_32_BIT_CONVERSION = YES;
				GCC_WARN_ABOUT_RETURN_TYPE = YES_ERROR;
				GCC_WARN_UNDECLARED_SELECTOR = YES;
				GCC_WARN_UNINITIALIZED_AUTOS = YES_AGGRESSIVE;
				GCC_WARN_UNUSED_FUNCTION = YES;
				GCC_WARN_UNUSED_VARIABLE = YES;
				IPHONEOS_DEPLOYMENT_TARGET = 10.2;
				MTL_ENABLE_DEBUG_INFO = YES;
				ONLY_ACTIVE_ARCH = YES;
				SDKROOT = iphoneos;
				SWIFT_ACTIVE_COMPILATION_CONDITIONS = DEBUG;
				SWIFT_OPTIMIZATION_LEVEL = "-Onone";
				TARGETED_DEVICE_FAMILY = "1,2";
			};
			name = Debug;
		};
		16FE8F5F1E79D74100393C23 /* Release */ = {
			isa = XCBuildConfiguration;
			buildSettings = {
				ALWAYS_SEARCH_USER_PATHS = NO;
				CLANG_ANALYZER_NONNULL = YES;
				CLANG_CXX_LANGUAGE_STANDARD = "gnu++0x";
				CLANG_CXX_LIBRARY = "libc++";
				CLANG_ENABLE_MODULES = YES;
				CLANG_ENABLE_OBJC_ARC = YES;
				CLANG_WARN_BOOL_CONVERSION = YES;
				CLANG_WARN_CONSTANT_CONVERSION = YES;
				CLANG_WARN_DIRECT_OBJC_ISA_USAGE = YES_ERROR;
				CLANG_WARN_DOCUMENTATION_COMMENTS = YES;
				CLANG_WARN_EMPTY_BODY = YES;
				CLANG_WARN_ENUM_CONVERSION = YES;
				CLANG_WARN_INFINITE_RECURSION = YES;
				CLANG_WARN_INT_CONVERSION = YES;
				CLANG_WARN_OBJC_ROOT_CLASS = YES_ERROR;
				CLANG_WARN_SUSPICIOUS_MOVE = YES;
				CLANG_WARN_UNREACHABLE_CODE = YES;
				CLANG_WARN__DUPLICATE_METHOD_MATCH = YES;
				"CODE_SIGN_IDENTITY[sdk=iphoneos*]" = "iPhone Developer";
				COPY_PHASE_STRIP = NO;
				DEBUG_INFORMATION_FORMAT = "dwarf-with-dsym";
				ENABLE_NS_ASSERTIONS = NO;
				ENABLE_STRICT_OBJC_MSGSEND = YES;
				GCC_C_LANGUAGE_STANDARD = gnu99;
				GCC_NO_COMMON_BLOCKS = YES;
				GCC_WARN_64_TO_32_BIT_CONVERSION = YES;
				GCC_WARN_ABOUT_RETURN_TYPE = YES_ERROR;
				GCC_WARN_UNDECLARED_SELECTOR = YES;
				GCC_WARN_UNINITIALIZED_AUTOS = YES_AGGRESSIVE;
				GCC_WARN_UNUSED_FUNCTION = YES;
				GCC_WARN_UNUSED_VARIABLE = YES;
				IPHONEOS_DEPLOYMENT_TARGET = 10.2;
				MTL_ENABLE_DEBUG_INFO = NO;
				SDKROOT = iphoneos;
				SWIFT_OPTIMIZATION_LEVEL = "-Owholemodule";
				TARGETED_DEVICE_FAMILY = "1,2";
				VALIDATE_PRODUCT = YES;
			};
			name = Release;
		};
		16FE8F611E79D74100393C23 /* Debug */ = {
			isa = XCBuildConfiguration;
			buildSettings = {
				ASSETCATALOG_COMPILER_APPICON_NAME = AppIcon;
				INFOPLIST_FILE = viewModelExample/Info.plist;
				LD_RUNPATH_SEARCH_PATHS = "$(inherited) @executable_path/Frameworks";
				PRODUCT_BUNDLE_IDENTIFIER = LenoxLewis.ViewModelExample.viewModelExample;
				PRODUCT_NAME = "$(TARGET_NAME)";
				SWIFT_VERSION = 3.0;
			};
			name = Debug;
		};
		16FE8F621E79D74100393C23 /* Release */ = {
			isa = XCBuildConfiguration;
			buildSettings = {
				ASSETCATALOG_COMPILER_APPICON_NAME = AppIcon;
				INFOPLIST_FILE = viewModelExample/Info.plist;
				LD_RUNPATH_SEARCH_PATHS = "$(inherited) @executable_path/Frameworks";
				PRODUCT_BUNDLE_IDENTIFIER = LenoxLewis.ViewModelExample.viewModelExample;
				PRODUCT_NAME = "$(TARGET_NAME)";
				SWIFT_VERSION = 3.0;
			};
			name = Release;
		};
		16FE8F641E79D74100393C23 /* Debug */ = {
			isa = XCBuildConfiguration;
			buildSettings = {
				ALWAYS_EMBED_SWIFT_STANDARD_LIBRARIES = YES;
				BUNDLE_LOADER = "$(TEST_HOST)";
				INFOPLIST_FILE = viewModelExampleTests/Info.plist;
				LD_RUNPATH_SEARCH_PATHS = "$(inherited) @executable_path/Frameworks @loader_path/Frameworks";
				PRODUCT_BUNDLE_IDENTIFIER = LenoxLewis.ViewModelExample.viewModelExampleTests;
				PRODUCT_NAME = "$(TARGET_NAME)";
				SWIFT_VERSION = 3.0;
				TEST_HOST = "$(BUILT_PRODUCTS_DIR)/viewModelExample.app/viewModelExample";
			};
			name = Debug;
		};
		16FE8F651E79D74100393C23 /* Release */ = {
			isa = XCBuildConfiguration;
			buildSettings = {
				ALWAYS_EMBED_SWIFT_STANDARD_LIBRARIES = YES;
				BUNDLE_LOADER = "$(TEST_HOST)";
				INFOPLIST_FILE = viewModelExampleTests/Info.plist;
				LD_RUNPATH_SEARCH_PATHS = "$(inherited) @executable_path/Frameworks @loader_path/Frameworks";
				PRODUCT_BUNDLE_IDENTIFIER = LenoxLewis.ViewModelExample.viewModelExampleTests;
				PRODUCT_NAME = "$(TARGET_NAME)";
				SWIFT_VERSION = 3.0;
				TEST_HOST = "$(BUILT_PRODUCTS_DIR)/viewModelExample.app/viewModelExample";
			};
			name = Release;
		};
		16FE8F671E79D74100393C23 /* Debug */ = {
			isa = XCBuildConfiguration;
			buildSettings = {
				ALWAYS_EMBED_SWIFT_STANDARD_LIBRARIES = YES;
				INFOPLIST_FILE = viewModelExampleUITests/Info.plist;
				LD_RUNPATH_SEARCH_PATHS = "$(inherited) @executable_path/Frameworks @loader_path/Frameworks";
				PRODUCT_BUNDLE_IDENTIFIER = LenoxLewis.ViewModelExample.viewModelExampleUITests;
				PRODUCT_NAME = "$(TARGET_NAME)";
				SWIFT_VERSION = 3.0;
				TEST_TARGET_NAME = viewModelExample;
			};
			name = Debug;
		};
		16FE8F681E79D74100393C23 /* Release */ = {
			isa = XCBuildConfiguration;
			buildSettings = {
				ALWAYS_EMBED_SWIFT_STANDARD_LIBRARIES = YES;
				INFOPLIST_FILE = viewModelExampleUITests/Info.plist;
				LD_RUNPATH_SEARCH_PATHS = "$(inherited) @executable_path/Frameworks @loader_path/Frameworks";
				PRODUCT_BUNDLE_IDENTIFIER = LenoxLewis.ViewModelExample.viewModelExampleUITests;
				PRODUCT_NAME = "$(TARGET_NAME)";
				SWIFT_VERSION = 3.0;
				TEST_TARGET_NAME = viewModelExample;
			};
			name = Release;
		};
/* End XCBuildConfiguration section */

/* Begin XCConfigurationList section */
		16FE8F331E79D74100393C23 /* Build configuration list for PBXProject "viewModelExample" */ = {
			isa = XCConfigurationList;
			buildConfigurations = (
				16FE8F5E1E79D74100393C23 /* Debug */,
				16FE8F5F1E79D74100393C23 /* Release */,
			);
			defaultConfigurationIsVisible = 0;
			defaultConfigurationName = Release;
		};
		16FE8F601E79D74100393C23 /* Build configuration list for PBXNativeTarget "viewModelExample" */ = {
			isa = XCConfigurationList;
			buildConfigurations = (
				16FE8F611E79D74100393C23 /* Debug */,
				16FE8F621E79D74100393C23 /* Release */,
			);
			defaultConfigurationIsVisible = 0;
		};
		16FE8F631E79D74100393C23 /* Build configuration list for PBXNativeTarget "viewModelExampleTests" */ = {
			isa = XCConfigurationList;
			buildConfigurations = (
				16FE8F641E79D74100393C23 /* Debug */,
				16FE8F651E79D74100393C23 /* Release */,
			);
			defaultConfigurationIsVisible = 0;
		};
		16FE8F661E79D74100393C23 /* Build configuration list for PBXNativeTarget "viewModelExampleUITests" */ = {
			isa = XCConfigurationList;
			buildConfigurations = (
				16FE8F671E79D74100393C23 /* Debug */,
				16FE8F681E79D74100393C23 /* Release */,
			);
			defaultConfigurationIsVisible = 0;
		};
/* End XCConfigurationList section */
	};
	rootObject = 16FE8F301E79D74100393C23 /* Project object */;
}
